
Microsoft Visual Studio Solution File, Format Version 12.00
# Visual Studio 15
VisualStudioVersion = 15.0.28307.1062
MinimumVisualStudioVersion = 10.0.40219.1
Project("{FAE04EC0-301F-11D3-BF4B-00C04F79EFBC}") = "NutHouse", "NutHouse\NutHouse.csproj", "{A213A474-F278-4230-AB7C-CD116D57E541}"
EndProject
Global
	GlobalSection(SolutionConfigurationPlatforms) = preSolution
		Debug|Any CPU = Debug|Any CPU
		Release|Any CPU = Release|Any CPU
	EndGlobalSection
	GlobalSection(ProjectConfigurationPlatforms) = postSolution
		{A213A474-F278-4230-AB7C-CD116D57E541}.Debug|Any CPU.ActiveCfg = Debug|Any CPU
		{A213A474-F278-4230-AB7C-CD116D57E541}.Debug|Any CPU.Build.0 = Debug|Any CPU
		{A213A474-F278-4230-AB7C-CD116D57E541}.Release|Any CPU.ActiveCfg = Release|Any CPU
		{A213A474-F278-4230-AB7C-CD116D57E541}.Release|Any CPU.Build.0 = Release|Any CPU
	EndGlobalSection
	GlobalSection(SolutionProperties) = preSolution
		HideSolutionNode = FALSE
	EndGlobalSection
	GlobalSection(ExtensibilityGlobals) = postSolution
		SolutionGuid = {602827DC-37DD-4E62-8379-E25E68775A5F}
	EndGlobalSection
EndGlobal
